
Microsoft Visual Studio Solution File, Format Version 12.00
# Visual Studio Version 16
VisualStudioVersion = 16.0.30717.126
MinimumVisualStudioVersion = 10.0.40219.1
Project("{9A19103F-16F7-4668-BE54-9A1E7A4F7556}") = "ApiWithMutlipleApis", "ApiWithMutlipleApis.csproj", "{4BDD354C-D205-43D6-96AA-1B425A8F80B4}"
EndProject
Global
	GlobalSection(SolutionConfigurationPlatforms) = preSolution
		Debug|Any CPU = Debug|Any CPU
		Release|Any CPU = Release|Any CPU
	EndGlobalSection
	GlobalSection(ProjectConfigurationPlatforms) = postSolution
		{4BDD354C-D205-43D6-96AA-1B425A8F80B4}.Debug|Any CPU.ActiveCfg = Debug|Any CPU
		{4BDD354C-D205-43D6-96AA-1B425A8F80B4}.Debug|Any CPU.Build.0 = Debug|Any CPU
		{4BDD354C-D205-43D6-96AA-1B425A8F80B4}.Release|Any CPU.ActiveCfg = Release|Any CPU
		{4BDD354C-D205-43D6-96AA-1B425A8F80B4}.Release|Any CPU.Build.0 = Release|Any CPU
	EndGlobalSection
	GlobalSection(SolutionProperties) = preSolution
		HideSolutionNode = FALSE
	EndGlobalSection
	GlobalSection(ExtensibilityGlobals) = postSolution
		SolutionGuid = {33DBE2BB-67F6-4610-87A8-25C015549C23}
	EndGlobalSection
EndGlobal
